// !$*UTF8*$!
{
	archiveVersion = 1;
	classes = {
	};
	objectVersion = 50;
	objects = {

/* Begin PBXBuildFile section */
		84E6DAEF22B51D8B00FF007E /* AppDelegate.swift in Sources */ = {isa = PBXBuildFile; fileRef = 84E6DAEE22B51D8B00FF007E /* AppDelegate.swift */; };
		84E6DAF122B51D8B00FF007E /* ViewController.swift in Sources */ = {isa = PBXBuildFile; fileRef = 84E6DAF022B51D8B00FF007E /* ViewController.swift */; };
		84E6DAF422B51D8B00FF007E /* Main.storyboard in Resources */ = {isa = PBXBuildFile; fileRef = 84E6DAF222B51D8B00FF007E /* Main.storyboard */; };
		84E6DAF622B51D8D00FF007E /* Assets.xcassets in Resources */ = {isa = PBXBuildFile; fileRef = 84E6DAF522B51D8D00FF007E /* Assets.xcassets */; };
		84E6DAF922B51D8D00FF007E /* LaunchScreen.storyboard in Resources */ = {isa = PBXBuildFile; fileRef = 84E6DAF722B51D8D00FF007E /* LaunchScreen.storyboard */; };
		84E6DB0422B51D8D00FF007E /* DiceTests.swift in Sources */ = {isa = PBXBuildFile; fileRef = 84E6DB0322B51D8D00FF007E /* DiceTests.swift */; };
		84E6DB0F22B51D8D00FF007E /* DiceUITests.swift in Sources */ = {isa = PBXBuildFile; fileRef = 84E6DB0E22B51D8D00FF007E /* DiceUITests.swift */; };
/* End PBXBuildFile section */

/* Begin PBXContainerItemProxy section */
		84E6DB0022B51D8D00FF007E /* PBXContainerItemProxy */ = {
			isa = PBXContainerItemProxy;
			containerPortal = 84E6DAE322B51D8B00FF007E /* Project object */;
			proxyType = 1;
			remoteGlobalIDString = 84E6DAEA22B51D8B00FF007E;
			remoteInfo = Dice;
		};
		84E6DB0B22B51D8D00FF007E /* PBXContainerItemProxy */ = {
			isa = PBXContainerItemProxy;
			containerPortal = 84E6DAE322B51D8B00FF007E /* Project object */;
			proxyType = 1;
			remoteGlobalIDString = 84E6DAEA22B51D8B00FF007E;
			remoteInfo = Dice;
		};
/* End PBXContainerItemProxy section */

/* Begin PBXFileReference section */
		84E6DAEB22B51D8B00FF007E /* Dice.app */ = {isa = PBXFileReference; explicitFileType = wrapper.application; includeInIndex = 0; path = Dice.app; sourceTree = BUILT_PRODUCTS_DIR; };
		84E6DAEE22B51D8B00FF007E /* AppDelegate.swift */ = {isa = PBXFileReference; lastKnownFileType = sourcecode.swift; path = AppDelegate.swift; sourceTree = "<group>"; };
		84E6DAF022B51D8B00FF007E /* ViewController.swift */ = {isa = PBXFileReference; lastKnownFileType = sourcecode.swift; path = ViewController.swift; sourceTree = "<group>"; };
		84E6DAF322B51D8B00FF007E /* Base */ = {isa = PBXFileReference; lastKnownFileType = file.storyboard; name = Base; path = Base.lproj/Main.storyboard; sourceTree = "<group>"; };
		84E6DAF522B51D8D00FF007E /* Assets.xcassets */ = {isa = PBXFileReference; lastKnownFileType = folder.assetcatalog; path = Assets.xcassets; sourceTree = "<group>"; };
		84E6DAF822B51D8D00FF007E /* Base */ = {isa = PBXFileReference; lastKnownFileType = file.storyboard; name = Base; path = Base.lproj/LaunchScreen.storyboard; sourceTree = "<group>"; };
		84E6DAFA22B51D8D00FF007E /* Info.plist */ = {isa = PBXFileReference; lastKnownFileType = text.plist.xml; path = Info.plist; sourceTree = "<group>"; };
		84E6DAFF22B51D8D00FF007E /* DiceTests.xctest */ = {isa = PBXFileReference; explicitFileType = wrapper.cfbundle; includeInIndex = 0; path = DiceTests.xctest; sourceTree = BUILT_PRODUCTS_DIR; };
		84E6DB0322B51D8D00FF007E /* DiceTests.swift */ = {isa = PBXFileReference; lastKnownFileType = sourcecode.swift; path = DiceTests.swift; sourceTree = "<group>"; };
		84E6DB0522B51D8D00FF007E /* Info.plist */ = {isa = PBXFileReference; lastKnownFileType = text.plist.xml; path = Info.plist; sourceTree = "<group>"; };
		84E6DB0A22B51D8D00FF007E /* DiceUITests.xctest */ = {isa = PBXFileReference; explicitFileType = wrapper.cfbundle; includeInIndex = 0; path = DiceUITests.xctest; sourceTree = BUILT_PRODUCTS_DIR; };
		84E6DB0E22B51D8D00FF007E /* DiceUITests.swift */ = {isa = PBXFileReference; lastKnownFileType = sourcecode.swift; path = DiceUITests.swift; sourceTree = "<group>"; };
		84E6DB1022B51D8D00FF007E /* Info.plist */ = {isa = PBXFileReference; lastKnownFileType = text.plist.xml; path = Info.plist; sourceTree = "<group>"; };
/* End PBXFileReference section */

/* Begin PBXFrameworksBuildPhase section */
		84E6DAE822B51D8B00FF007E /* Frameworks */ = {
			isa = PBXFrameworksBuildPhase;
			buildActionMask = 2147483647;
			files = (
			);
			runOnlyForDeploymentPostprocessing = 0;
		};
		84E6DAFC22B51D8D00FF007E /* Frameworks */ = {
			isa = PBXFrameworksBuildPhase;
			buildActionMask = 2147483647;
			files = (
			);
			runOnlyForDeploymentPostprocessing = 0;
		};
		84E6DB0722B51D8D00FF007E /* Frameworks */ = {
			isa = PBXFrameworksBuildPhase;
			buildActionMask = 2147483647;
			files = (
			);
			runOnlyForDeploymentPostprocessing = 0;
		};
/* End PBXFrameworksBuildPhase section */

/* Begin PBXGroup section */
		84E6DAE222B51D8B00FF007E = {
			isa = PBXGroup;
			children = (
				84E6DAED22B51D8B00FF007E /* Dice */,
				84E6DB0222B51D8D00FF007E /* DiceTests */,
				84E6DB0D22B51D8D00FF007E /* DiceUITests */,
				84E6DAEC22B51D8B00FF007E /* Products */,
			);
			sourceTree = "<group>";
		};
		84E6DAEC22B51D8B00FF007E /* Products */ = {
			isa = PBXGroup;
			children = (
				84E6DAEB22B51D8B00FF007E /* Dice.app */,
				84E6DAFF22B51D8D00FF007E /* DiceTests.xctest */,
				84E6DB0A22B51D8D00FF007E /* DiceUITests.xctest */,
			);
			name = Products;
			sourceTree = "<group>";
		};
		84E6DAED22B51D8B00FF007E /* Dice */ = {
			isa = PBXGroup;
			children = (
				84E6DAEE22B51D8B00FF007E /* AppDelegate.swift */,
				84E6DAF022B51D8B00FF007E /* ViewController.swift */,
				84E6DAF222B51D8B00FF007E /* Main.storyboard */,
				84E6DAF522B51D8D00FF007E /* Assets.xcassets */,
				84E6DAF722B51D8D00FF007E /* LaunchScreen.storyboard */,
				84E6DAFA22B51D8D00FF007E /* Info.plist */,
			);
			path = Dice;
			sourceTree = "<group>";
		};
		84E6DB0222B51D8D00FF007E /* DiceTests */ = {
			isa = PBXGroup;
			children = (
				84E6DB0322B51D8D00FF007E /* DiceTests.swift */,
				84E6DB0522B51D8D00FF007E /* Info.plist */,
			);
			path = DiceTests;
			sourceTree = "<group>";
		};
		84E6DB0D22B51D8D00FF007E /* DiceUITests */ = {
			isa = PBXGroup;
			children = (
				84E6DB0E22B51D8D00FF007E /* DiceUITests.swift */,
				84E6DB1022B51D8D00FF007E /* Info.plist */,
			);
			path = DiceUITests;
			sourceTree = "<group>";
		};
/* End PBXGroup section */

/* Begin PBXNativeTarget section */
		84E6DAEA22B51D8B00FF007E /* Dice */ = {
			isa = PBXNativeTarget;
			buildConfigurationList = 84E6DB1322B51D8D00FF007E /* Build configuration list for PBXNativeTarget "Dice" */;
			buildPhases = (
				84E6DAE722B51D8B00FF007E /* Sources */,
				84E6DAE822B51D8B00FF007E /* Frameworks */,
				84E6DAE922B51D8B00FF007E /* Resources */,
			);
			buildRules = (
			);
			dependencies = (
			);
			name = Dice;
			productName = Dice;
			productReference = 84E6DAEB22B51D8B00FF007E /* Dice.app */;
			productType = "com.apple.product-type.application";
		};
		84E6DAFE22B51D8D00FF007E /* DiceTests */ = {
			isa = PBXNativeTarget;
			buildConfigurationList = 84E6DB1622B51D8D00FF007E /* Build configuration list for PBXNativeTarget "DiceTests" */;
			buildPhases = (
				84E6DAFB22B51D8D00FF007E /* Sources */,
				84E6DAFC22B51D8D00FF007E /* Frameworks */,
				84E6DAFD22B51D8D00FF007E /* Resources */,
			);
			buildRules = (
			);
			dependencies = (
				84E6DB0122B51D8D00FF007E /* PBXTargetDependency */,
			);
			name = DiceTests;
			productName = DiceTests;
			productReference = 84E6DAFF22B51D8D00FF007E /* DiceTests.xctest */;
			productType = "com.apple.product-type.bundle.unit-test";
		};
		84E6DB0922B51D8D00FF007E /* DiceUITests */ = {
			isa = PBXNativeTarget;
			buildConfigurationList = 84E6DB1922B51D8D00FF007E /* Build configuration list for PBXNativeTarget "DiceUITests" */;
			buildPhases = (
				84E6DB0622B51D8D00FF007E /* Sources */,
				84E6DB0722B51D8D00FF007E /* Frameworks */,
				84E6DB0822B51D8D00FF007E /* Resources */,
			);
			buildRules = (
			);
			dependencies = (
				84E6DB0C22B51D8D00FF007E /* PBXTargetDependency */,
			);
			name = DiceUITests;
			productName = DiceUITests;
			productReference = 84E6DB0A22B51D8D00FF007E /* DiceUITests.xctest */;
			productType = "com.apple.product-type.bundle.ui-testing";
		};
/* End PBXNativeTarget section */

/* Begin PBXProject section */
		84E6DAE322B51D8B00FF007E /* Project object */ = {
			isa = PBXProject;
			attributes = {
				LastSwiftUpdateCheck = 1020;
				LastUpgradeCheck = 1020;
				ORGANIZATIONNAME = Vincent;
				TargetAttributes = {
					84E6DAEA22B51D8B00FF007E = {
						CreatedOnToolsVersion = 10.2.1;
					};
					84E6DAFE22B51D8D00FF007E = {
						CreatedOnToolsVersion = 10.2.1;
						TestTargetID = 84E6DAEA22B51D8B00FF007E;
					};
					84E6DB0922B51D8D00FF007E = {
						CreatedOnToolsVersion = 10.2.1;
						TestTargetID = 84E6DAEA22B51D8B00FF007E;
					};
				};
			};
			buildConfigurationList = 84E6DAE622B51D8B00FF007E /* Build configuration list for PBXProject "Dice" */;
			compatibilityVersion = "Xcode 9.3";
			developmentRegion = en;
			hasScannedForEncodings = 0;
			knownRegions = (
				en,
				Base,
			);
			mainGroup = 84E6DAE222B51D8B00FF007E;
			productRefGroup = 84E6DAEC22B51D8B00FF007E /* Products */;
			projectDirPath = "";
			projectRoot = "";
			targets = (
				84E6DAEA22B51D8B00FF007E /* Dice */,
				84E6DAFE22B51D8D00FF007E /* DiceTests */,
				84E6DB0922B51D8D00FF007E /* DiceUITests */,
			);
		};
/* End PBXProject section */

/* Begin PBXResourcesBuildPhase section */
		84E6DAE922B51D8B00FF007E /* Resources */ = {
			isa = PBXResourcesBuildPhase;
			buildActionMask = 2147483647;
			files = (
				84E6DAF922B51D8D00FF007E /* LaunchScreen.storyboard in Resources */,
				84E6DAF622B51D8D00FF007E /* Assets.xcassets in Resources */,
				84E6DAF422B51D8B00FF007E /* Main.storyboard in Resources */,
			);
			runOnlyForDeploymentPostprocessing = 0;
		};
		84E6DAFD22B51D8D00FF007E /* Resources */ = {
			isa = PBXResourcesBuildPhase;
			buildActionMask = 2147483647;
			files = (
			);
			runOnlyForDeploymentPostprocessing = 0;
		};
		84E6DB0822B51D8D00FF007E /* Resources */ = {
			isa = PBXResourcesBuildPhase;
			buildActionMask = 2147483647;
			files = (
			);
			runOnlyForDeploymentPostprocessing = 0;
		};
/* End PBXResourcesBuildPhase section */

/* Begin PBXSourcesBuildPhase section */
		84E6DAE722B51D8B00FF007E /* Sources */ = {
			isa = PBXSourcesBuildPhase;
			buildActionMask = 2147483647;
			files = (
				84E6DAF122B51D8B00FF007E /* ViewController.swift in Sources */,
				84E6DAEF22B51D8B00FF007E /* AppDelegate.swift in Sources */,
			);
			runOnlyForDeploymentPostprocessing = 0;
		};
		84E6DAFB22B51D8D00FF007E /* Sources */ = {
			isa = PBXSourcesBuildPhase;
			buildActionMask = 2147483647;
			files = (
				84E6DB0422B51D8D00FF007E /* DiceTests.swift in Sources */,
			);
			runOnlyForDeploymentPostprocessing = 0;
		};
		84E6DB0622B51D8D00FF007E /* Sources */ = {
			isa = PBXSourcesBuildPhase;
			buildActionMask = 2147483647;
			files = (
				84E6DB0F22B51D8D00FF007E /* DiceUITests.swift in Sources */,
			);
			runOnlyForDeploymentPostprocessing = 0;
		};
/* End PBXSourcesBuildPhase section */

/* Begin PBXTargetDependency section */
		84E6DB0122B51D8D00FF007E /* PBXTargetDependency */ = {
			isa = PBXTargetDependency;
			target = 84E6DAEA22B51D8B00FF007E /* Dice */;
			targetProxy = 84E6DB0022B51D8D00FF007E /* PBXContainerItemProxy */;
		};
		84E6DB0C22B51D8D00FF007E /* PBXTargetDependency */ = {
			isa = PBXTargetDependency;
			target = 84E6DAEA22B51D8B00FF007E /* Dice */;
			targetProxy = 84E6DB0B22B51D8D00FF007E /* PBXContainerItemProxy */;
		};
/* End PBXTargetDependency section */

/* Begin PBXVariantGroup section */
		84E6DAF222B51D8B00FF007E /* Main.storyboard */ = {
			isa = PBXVariantGroup;
			children = (
				84E6DAF322B51D8B00FF007E /* Base */,
			);
			name = Main.storyboard;
			sourceTree = "<group>";
		};
		84E6DAF722B51D8D00FF007E /* LaunchScreen.storyboard */ = {
			isa = PBXVariantGroup;
			children = (
				84E6DAF822B51D8D00FF007E /* Base */,
			);
			name = LaunchScreen.storyboard;
			sourceTree = "<group>";
		};
/* End PBXVariantGroup section */

/* Begin XCBuildConfiguration section */
		84E6DB1122B51D8D00FF007E /* Debug */ = {
			isa = XCBuildConfiguration;
			buildSettings = {
				ALWAYS_SEARCH_USER_PATHS = NO;
				CLANG_ANALYZER_NONNULL = YES;
				CLANG_ANALYZER_NUMBER_OBJECT_CONVERSION = YES_AGGRESSIVE;
				CLANG_CXX_LANGUAGE_STANDARD = "gnu++14";
				CLANG_CXX_LIBRARY = "libc++";
				CLANG_ENABLE_MODULES = YES;
				CLANG_ENABLE_OBJC_ARC = YES;
				CLANG_ENABLE_OBJC_WEAK = YES;
				CLANG_WARN_BLOCK_CAPTURE_AUTORELEASING = YES;
				CLANG_WARN_BOOL_CONVERSION = YES;
				CLANG_WARN_COMMA = YES;
				CLANG_WARN_CONSTANT_CONVERSION = YES;
				CLANG_WARN_DEPRECATED_OBJC_IMPLEMENTATIONS = YES;
				CLANG_WARN_DIRECT_OBJC_ISA_USAGE = YES_ERROR;
				CLANG_WARN_DOCUMENTATION_COMMENTS = YES;
				CLANG_WARN_EMPTY_BODY = YES;
				CLANG_WARN_ENUM_CONVERSION = YES;
				CLANG_WARN_INFINITE_RECURSION = YES;
				CLANG_WARN_INT_CONVERSION = YES;
				CLANG_WARN_NON_LITERAL_NULL_CONVERSION = YES;
				CLANG_WARN_OBJC_IMPLICIT_RETAIN_SELF = YES;
				CLANG_WARN_OBJC_LITERAL_CONVERSION = YES;
				CLANG_WARN_OBJC_ROOT_CLASS = YES_ERROR;
				CLANG_WARN_RANGE_LOOP_ANALYSIS = YES;
				CLANG_WARN_STRICT_PROTOTYPES = YES;
				CLANG_WARN_SUSPICIOUS_MOVE = YES;
				CLANG_WARN_UNGUARDED_AVAILABILITY = YES_AGGRESSIVE;
				CLANG_WARN_UNREACHABLE_CODE = YES;
				CLANG_WARN__DUPLICATE_METHOD_MATCH = YES;
				CODE_SIGN_IDENTITY = "iPhone Developer";
				COPY_PHASE_STRIP = NO;
				DEBUG_INFORMATION_FORMAT = dwarf;
				ENABLE_STRICT_OBJC_MSGSEND = YES;
				ENABLE_TESTABILITY = YES;
				GCC_C_LANGUAGE_STANDARD = gnu11;
				GCC_DYNAMIC_NO_PIC = NO;
				GCC_NO_COMMON_BLOCKS = YES;
				GCC_OPTIMIZATION_LEVEL = 0;
				GCC_PREPROCESSOR_DEFINITIONS = (
					"DEBUG=1",
					"$(inherited)",
				);
				GCC_WARN_64_TO_32_BIT_CONVERSION = YES;
				GCC_WARN_ABOUT_RETURN_TYPE = YES_ERROR;
				GCC_WARN_UNDECLARED_SELECTOR = YES;
				GCC_WARN_UNINITIALIZED_AUTOS = YES_AGGRESSIVE;
				GCC_WARN_UNUSED_FUNCTION = YES;
				GCC_WARN_UNUSED_VARIABLE = YES;
				IPHONEOS_DEPLOYMENT_TARGET = 12.2;
				MTL_ENABLE_DEBUG_INFO = INCLUDE_SOURCE;
				MTL_FAST_MATH = YES;
				ONLY_ACTIVE_ARCH = YES;
				SDKROOT = iphoneos;
				SWIFT_ACTIVE_COMPILATION_CONDITIONS = DEBUG;
				SWIFT_OPTIMIZATION_LEVEL = "-Onone";
			};
			name = Debug;
		};
		84E6DB1222B51D8D00FF007E /* Release */ = {
			isa = XCBuildConfiguration;
			buildSettings = {
				ALWAYS_SEARCH_USER_PATHS = NO;
				CLANG_ANALYZER_NONNULL = YES;
				CLANG_ANALYZER_NUMBER_OBJECT_CONVERSION = YES_AGGRESSIVE;
				CLANG_CXX_LANGUAGE_STANDARD = "gnu++14";
				CLANG_CXX_LIBRARY = "libc++";
				CLANG_ENABLE_MODULES = YES;
				CLANG_ENABLE_OBJC_ARC = YES;
				CLANG_ENABLE_OBJC_WEAK = YES;
				CLANG_WARN_BLOCK_CAPTURE_AUTORELEASING = YES;
				CLANG_WARN_BOOL_CONVERSION = YES;
				CLANG_WARN_COMMA = YES;
				CLANG_WARN_CONSTANT_CONVERSION = YES;
				CLANG_WARN_DEPRECATED_OBJC_IMPLEMENTATIONS = YES;
				CLANG_WARN_DIRECT_OBJC_ISA_USAGE = YES_ERROR;
				CLANG_WARN_DOCUMENTATION_COMMENTS = YES;
				CLANG_WARN_EMPTY_BODY = YES;
				CLANG_WARN_ENUM_CONVERSION = YES;
				CLANG_WARN_INFINITE_RECURSION = YES;
				CLANG_WARN_INT_CONVERSION = YES;
				CLANG_WARN_NON_LITERAL_NULL_CONVERSION = YES;
				CLANG_WARN_OBJC_IMPLICIT_RETAIN_SELF = YES;
				CLANG_WARN_OBJC_LITERAL_CONVERSION = YES;
				CLANG_WARN_OBJC_ROOT_CLASS = YES_ERROR;
				CLANG_WARN_RANGE_LOOP_ANALYSIS = YES;
				CLANG_WARN_STRICT_PROTOTYPES = YES;
				CLANG_WARN_SUSPICIOUS_MOVE = YES;
				CLANG_WARN_UNGUARDED_AVAILABILITY = YES_AGGRESSIVE;
				CLANG_WARN_UNREACHABLE_CODE = YES;
				CLANG_WARN__DUPLICATE_METHOD_MATCH = YES;
				CODE_SIGN_IDENTITY = "iPhone Developer";
				COPY_PHASE_STRIP = NO;
				DEBUG_INFORMATION_FORMAT = "dwarf-with-dsym";
				ENABLE_NS_ASSERTIONS = NO;
				ENABLE_STRICT_OBJC_MSGSEND = YES;
				GCC_C_LANGUAGE_STANDARD = gnu11;
				GCC_NO_COMMON_BLOCKS = YES;
				GCC_WARN_64_TO_32_BIT_CONVERSION = YES;
				GCC_WARN_ABOUT_RETURN_TYPE = YES_ERROR;
				GCC_WARN_UNDECLARED_SELECTOR = YES;
				GCC_WARN_UNINITIALIZED_AUTOS = YES_AGGRESSIVE;
				GCC_WARN_UNUSED_FUNCTION = YES;
				GCC_WARN_UNUSED_VARIABLE = YES;
				IPHONEOS_DEPLOYMENT_TARGET = 12.2;
				MTL_ENABLE_DEBUG_INFO = NO;
				MTL_FAST_MATH = YES;
				SDKROOT = iphoneos;
				SWIFT_COMPILATION_MODE = wholemodule;
				SWIFT_OPTIMIZATION_LEVEL = "-O";
				VALIDATE_PRODUCT = YES;
			};
			name = Release;
		};
		84E6DB1422B51D8D00FF007E /* Debug */ = {
			isa = XCBuildConfiguration;
			buildSettings = {
				ASSETCATALOG_COMPILER_APPICON_NAME = AppIcon;
				CODE_SIGN_STYLE = Automatic;
				DEVELOPMENT_TEAM = 3R2X4Z5AS9;
				INFOPLIST_FILE = Dice/Info.plist;
				LD_RUNPATH_SEARCH_PATHS = (
					"$(inherited)",
					"@executable_path/Frameworks",
				);
				PRODUCT_BUNDLE_IDENTIFIER = xyz.gkVincent.Dice;
				PRODUCT_NAME = "$(TARGET_NAME)";
				SWIFT_VERSION = 5.0;
				TARGETED_DEVICE_FAMILY = "1,2";
			};
			name = Debug;
		};
		84E6DB1522B51D8D00FF007E /* Release */ = {
			isa = XCBuildConfiguration;
			buildSettings = {
				ASSETCATALOG_COMPILER_APPICON_NAME = AppIcon;
				CODE_SIGN_STYLE = Automatic;
				DEVELOPMENT_TEAM = 3R2X4Z5AS9;
				INFOPLIST_FILE = Dice/Info.plist;
				LD_RUNPATH_SEARCH_PATHS = (
					"$(inherited)",
					"@executable_path/Frameworks",
				);
				PRODUCT_BUNDLE_IDENTIFIER = xyz.gkVincent.Dice;
				PRODUCT_NAME = "$(TARGET_NAME)";
				SWIFT_VERSION = 5.0;
				TARGETED_DEVICE_FAMILY = "1,2";
			};
			name = Release;
		};
		84E6DB1722B51D8D00FF007E /* Debug */ = {
			isa = XCBuildConfiguration;
			buildSettings = {
				ALWAYS_EMBED_SWIFT_STANDARD_LIBRARIES = YES;
				BUNDLE_LOADER = "$(TEST_HOST)";
				CODE_SIGN_STYLE = Automatic;
				DEVELOPMENT_TEAM = 3R2X4Z5AS9;
				INFOPLIST_FILE = DiceTests/Info.plist;
				LD_RUNPATH_SEARCH_PATHS = (
					"$(inherited)",
					"@executable_path/Frameworks",
					"@loader_path/Frameworks",
				);
				PRODUCT_BUNDLE_IDENTIFIER = xyz.gkVincent.DiceTests;
				PRODUCT_NAME = "$(TARGET_NAME)";
				SWIFT_VERSION = 5.0;
				TARGETED_DEVICE_FAMILY = "1,2";
				TEST_HOST = "$(BUILT_PRODUCTS_DIR)/Dice.app/Dice";
			};
			name = Debug;
		};
		84E6DB1822B51D8D00FF007E /* Release */ = {
			isa = XCBuildConfiguration;
			buildSettings = {
				ALWAYS_EMBED_SWIFT_STANDARD_LIBRARIES = YES;
				BUNDLE_LOADER = "$(TEST_HOST)";
				CODE_SIGN_STYLE = Automatic;
				DEVELOPMENT_TEAM = 3R2X4Z5AS9;
				INFOPLIST_FILE = DiceTests/Info.plist;
				LD_RUNPATH_SEARCH_PATHS = (
					"$(inherited)",
					"@executable_path/Frameworks",
					"@loader_path/Frameworks",
				);
				PRODUCT_BUNDLE_IDENTIFIER = xyz.gkVincent.DiceTests;
				PRODUCT_NAME = "$(TARGET_NAME)";
				SWIFT_VERSION = 5.0;
				TARGETED_DEVICE_FAMILY = "1,2";
				TEST_HOST = "$(BUILT_PRODUCTS_DIR)/Dice.app/Dice";
			};
			name = Release;
		};
		84E6DB1A22B51D8D00FF007E /* Debug */ = {
			isa = XCBuildConfiguration;
			buildSettings = {
				ALWAYS_EMBED_SWIFT_STANDARD_LIBRARIES = YES;
				CODE_SIGN_STYLE = Automatic;
				DEVELOPMENT_TEAM = 3R2X4Z5AS9;
				INFOPLIST_FILE = DiceUITests/Info.plist;
				LD_RUNPATH_SEARCH_PATHS = (
					"$(inherited)",
					"@executable_path/Frameworks",
					"@loader_path/Frameworks",
				);
				PRODUCT_BUNDLE_IDENTIFIER = xyz.gkVincent.DiceUITests;
				PRODUCT_NAME = "$(TARGET_NAME)";
				SWIFT_VERSION = 5.0;
				TARGETED_DEVICE_FAMILY = "1,2";
				TEST_TARGET_NAME = Dice;
			};
			name = Debug;
		};
		84E6DB1B22B51D8D00FF007E /* Release */ = {
			isa = XCBuildConfiguration;
			buildSettings = {
				ALWAYS_EMBED_SWIFT_STANDARD_LIBRARIES = YES;
				CODE_SIGN_STYLE = Automatic;
				DEVELOPMENT_TEAM = 3R2X4Z5AS9;
				INFOPLIST_FILE = DiceUITests/Info.plist;
				LD_RUNPATH_SEARCH_PATHS = (
					"$(inherited)",
					"@executable_path/Frameworks",
					"@loader_path/Frameworks",
				);
				PRODUCT_BUNDLE_IDENTIFIER = xyz.gkVincent.DiceUITests;
				PRODUCT_NAME = "$(TARGET_NAME)";
				SWIFT_VERSION = 5.0;
				TARGETED_DEVICE_FAMILY = "1,2";
				TEST_TARGET_NAME = Dice;
			};
			name = Release;
		};
/* End XCBuildConfiguration section */

/* Begin XCConfigurationList section */
		84E6DAE622B51D8B00FF007E /* Build configuration list for PBXProject "Dice" */ = {
			isa = XCConfigurationList;
			buildConfigurations = (
				84E6DB1122B51D8D00FF007E /* Debug */,
				84E6DB1222B51D8D00FF007E /* Release */,
			);
			defaultConfigurationIsVisible = 0;
			defaultConfigurationName = Release;
		};
		84E6DB1322B51D8D00FF007E /* Build configuration list for PBXNativeTarget "Dice" */ = {
			isa = XCConfigurationList;
			buildConfigurations = (
				84E6DB1422B51D8D00FF007E /* Debug */,
				84E6DB1522B51D8D00FF007E /* Release */,
			);
			defaultConfigurationIsVisible = 0;
			defaultConfigurationName = Release;
		};
		84E6DB1622B51D8D00FF007E /* Build configuration list for PBXNativeTarget "DiceTests" */ = {
			isa = XCConfigurationList;
			buildConfigurations = (
				84E6DB1722B51D8D00FF007E /* Debug */,
				84E6DB1822B51D8D00FF007E /* Release */,
			);
			defaultConfigurationIsVisible = 0;
			defaultConfigurationName = Release;
		};
		84E6DB1922B51D8D00FF007E /* Build configuration list for PBXNativeTarget "DiceUITests" */ = {
			isa = XCConfigurationList;
			buildConfigurations = (
				84E6DB1A22B51D8D00FF007E /* Debug */,
				84E6DB1B22B51D8D00FF007E /* Release */,
			);
			defaultConfigurationIsVisible = 0;
			defaultConfigurationName = Release;
		};
/* End XCConfigurationList section */
	};
	rootObject = 84E6DAE322B51D8B00FF007E /* Project object */;
}
